
Microsoft Visual Studio Solution File, Format Version 12.00
# Visual Studio 14
VisualStudioVersion = 14.0.24720.0
MinimumVisualStudioVersion = 10.0.40219.1
Project("{FAE04EC0-301F-11D3-BF4B-00C04F79EFBC}") = "View", "View\View.csproj", "{92244897-6C09-4F1C-A4AF-2CB34437847B}"
EndProject
Project("{FAE04EC0-301F-11D3-BF4B-00C04F79EFBC}") = "Model", "Model\Model.csproj", "{4A360A41-98C0-4C88-AD4E-5CACDAE000F4}"
EndProject
Global
	GlobalSection(SolutionConfigurationPlatforms) = preSolution
		Debug|Any CPU = Debug|Any CPU
		Release|Any CPU = Release|Any CPU
	EndGlobalSection
	GlobalSection(ProjectConfigurationPlatforms) = postSolution
		{92244897-6C09-4F1C-A4AF-2CB34437847B}.Debug|Any CPU.ActiveCfg = Debug|Any CPU
		{92244897-6C09-4F1C-A4AF-2CB34437847B}.Debug|Any CPU.Build.0 = Debug|Any CPU
		{92244897-6C09-4F1C-A4AF-2CB34437847B}.Release|Any CPU.ActiveCfg = Release|Any CPU
		{92244897-6C09-4F1C-A4AF-2CB34437847B}.Release|Any CPU.Build.0 = Release|Any CPU
		{4A360A41-98C0-4C88-AD4E-5CACDAE000F4}.Debug|Any CPU.ActiveCfg = Debug|Any CPU
		{4A360A41-98C0-4C88-AD4E-5CACDAE000F4}.Debug|Any CPU.Build.0 = Debug|Any CPU
		{4A360A41-98C0-4C88-AD4E-5CACDAE000F4}.Release|Any CPU.ActiveCfg = Release|Any CPU
		{4A360A41-98C0-4C88-AD4E-5CACDAE000F4}.Release|Any CPU.Build.0 = Release|Any CPU
	EndGlobalSection
	GlobalSection(SolutionProperties) = preSolution
		HideSolutionNode = FALSE
	EndGlobalSection
EndGlobal
